// !$*UTF8*$!
{
	archiveVersion = 1;
	classes = {
	};
	objectVersion = 56;
	objects = {

/* Begin PBXBuildFile section */
		AB0ACF1B2A8FAA010039233F /* AppDelegate.swift in Sources */ = {isa = PBXBuildFile; fileRef = AB0ACF1A2A8FAA010039233F /* AppDelegate.swift */; };
		AB0ACF1D2A8FAA010039233F /* SceneDelegate.swift in Sources */ = {isa = PBXBuildFile; fileRef = AB0ACF1C2A8FAA010039233F /* SceneDelegate.swift */; };
		AB0ACF1F2A8FAA010039233F /* ViewController.swift in Sources */ = {isa = PBXBuildFile; fileRef = AB0ACF1E2A8FAA010039233F /* ViewController.swift */; };
		AB0ACF222A8FAA010039233F /* Main.storyboard in Resources */ = {isa = PBXBuildFile; fileRef = AB0ACF202A8FAA010039233F /* Main.storyboard */; };
		AB0ACF242A8FAA020039233F /* Assets.xcassets in Resources */ = {isa = PBXBuildFile; fileRef = AB0ACF232A8FAA020039233F /* Assets.xcassets */; };
		AB0ACF272A8FAA020039233F /* LaunchScreen.storyboard in Resources */ = {isa = PBXBuildFile; fileRef = AB0ACF252A8FAA020039233F /* LaunchScreen.storyboard */; };
		AB0ACF322A8FAA020039233F /* CounterTests.swift in Sources */ = {isa = PBXBuildFile; fileRef = AB0ACF312A8FAA020039233F /* CounterTests.swift */; };
		AB0ACF3C2A8FAA020039233F /* CounterUITests.swift in Sources */ = {isa = PBXBuildFile; fileRef = AB0ACF3B2A8FAA020039233F /* CounterUITests.swift */; };
		AB0ACF3E2A8FAA020039233F /* CounterUITestsLaunchTests.swift in Sources */ = {isa = PBXBuildFile; fileRef = AB0ACF3D2A8FAA020039233F /* CounterUITestsLaunchTests.swift */; };
/* End PBXBuildFile section */

/* Begin PBXContainerItemProxy section */
		AB0ACF2E2A8FAA020039233F /* PBXContainerItemProxy */ = {
			isa = PBXContainerItemProxy;
			containerPortal = AB0ACF0F2A8FAA010039233F /* Project object */;
			proxyType = 1;
			remoteGlobalIDString = AB0ACF162A8FAA010039233F;
			remoteInfo = Counter;
		};
		AB0ACF382A8FAA020039233F /* PBXContainerItemProxy */ = {
			isa = PBXContainerItemProxy;
			containerPortal = AB0ACF0F2A8FAA010039233F /* Project object */;
			proxyType = 1;
			remoteGlobalIDString = AB0ACF162A8FAA010039233F;
			remoteInfo = Counter;
		};
/* End PBXContainerItemProxy section */

/* Begin PBXFileReference section */
		AB0ACF172A8FAA010039233F /* Counter.app */ = {isa = PBXFileReference; explicitFileType = wrapper.application; includeInIndex = 0; path = Counter.app; sourceTree = BUILT_PRODUCTS_DIR; };
		AB0ACF1A2A8FAA010039233F /* AppDelegate.swift */ = {isa = PBXFileReference; lastKnownFileType = sourcecode.swift; path = AppDelegate.swift; sourceTree = "<group>"; };
		AB0ACF1C2A8FAA010039233F /* SceneDelegate.swift */ = {isa = PBXFileReference; lastKnownFileType = sourcecode.swift; path = SceneDelegate.swift; sourceTree = "<group>"; };
		AB0ACF1E2A8FAA010039233F /* ViewController.swift */ = {isa = PBXFileReference; lastKnownFileType = sourcecode.swift; path = ViewController.swift; sourceTree = "<group>"; };
		AB0ACF212A8FAA010039233F /* Base */ = {isa = PBXFileReference; lastKnownFileType = file.storyboard; name = Base; path = Base.lproj/Main.storyboard; sourceTree = "<group>"; };
		AB0ACF232A8FAA020039233F /* Assets.xcassets */ = {isa = PBXFileReference; lastKnownFileType = folder.assetcatalog; path = Assets.xcassets; sourceTree = "<group>"; };
		AB0ACF262A8FAA020039233F /* Base */ = {isa = PBXFileReference; lastKnownFileType = file.storyboard; name = Base; path = Base.lproj/LaunchScreen.storyboard; sourceTree = "<group>"; };
		AB0ACF282A8FAA020039233F /* Info.plist */ = {isa = PBXFileReference; lastKnownFileType = text.plist.xml; path = Info.plist; sourceTree = "<group>"; };
		AB0ACF2D2A8FAA020039233F /* CounterTests.xctest */ = {isa = PBXFileReference; explicitFileType = wrapper.cfbundle; includeInIndex = 0; path = CounterTests.xctest; sourceTree = BUILT_PRODUCTS_DIR; };
		AB0ACF312A8FAA020039233F /* CounterTests.swift */ = {isa = PBXFileReference; lastKnownFileType = sourcecode.swift; path = CounterTests.swift; sourceTree = "<group>"; };
		AB0ACF372A8FAA020039233F /* CounterUITests.xctest */ = {isa = PBXFileReference; explicitFileType = wrapper.cfbundle; includeInIndex = 0; path = CounterUITests.xctest; sourceTree = BUILT_PRODUCTS_DIR; };
		AB0ACF3B2A8FAA020039233F /* CounterUITests.swift */ = {isa = PBXFileReference; lastKnownFileType = sourcecode.swift; path = CounterUITests.swift; sourceTree = "<group>"; };
		AB0ACF3D2A8FAA020039233F /* CounterUITestsLaunchTests.swift */ = {isa = PBXFileReference; lastKnownFileType = sourcecode.swift; path = CounterUITestsLaunchTests.swift; sourceTree = "<group>"; };
/* End PBXFileReference section */

/* Begin PBXFrameworksBuildPhase section */
		AB0ACF142A8FAA010039233F /* Frameworks */ = {
			isa = PBXFrameworksBuildPhase;
			buildActionMask = 2147483647;
			files = (
			);
			runOnlyForDeploymentPostprocessing = 0;
		};
		AB0ACF2A2A8FAA020039233F /* Frameworks */ = {
			isa = PBXFrameworksBuildPhase;
			buildActionMask = 2147483647;
			files = (
			);
			runOnlyForDeploymentPostprocessing = 0;
		};
		AB0ACF342A8FAA020039233F /* Frameworks */ = {
			isa = PBXFrameworksBuildPhase;
			buildActionMask = 2147483647;
			files = (
			);
			runOnlyForDeploymentPostprocessing = 0;
		};
/* End PBXFrameworksBuildPhase section */

/* Begin PBXGroup section */
		AB0ACF0E2A8FAA010039233F = {
			isa = PBXGroup;
			children = (
				AB0ACF192A8FAA010039233F /* Counter */,
				AB0ACF302A8FAA020039233F /* CounterTests */,
				AB0ACF3A2A8FAA020039233F /* CounterUITests */,
				AB0ACF182A8FAA010039233F /* Products */,
			);
			sourceTree = "<group>";
		};
		AB0ACF182A8FAA010039233F /* Products */ = {
			isa = PBXGroup;
			children = (
				AB0ACF172A8FAA010039233F /* Counter.app */,
				AB0ACF2D2A8FAA020039233F /* CounterTests.xctest */,
				AB0ACF372A8FAA020039233F /* CounterUITests.xctest */,
			);
			name = Products;
			sourceTree = "<group>";
		};
		AB0ACF192A8FAA010039233F /* Counter */ = {
			isa = PBXGroup;
			children = (
				AB0ACF1A2A8FAA010039233F /* AppDelegate.swift */,
				AB0ACF1C2A8FAA010039233F /* SceneDelegate.swift */,
				AB0ACF1E2A8FAA010039233F /* ViewController.swift */,
				AB0ACF202A8FAA010039233F /* Main.storyboard */,
				AB0ACF232A8FAA020039233F /* Assets.xcassets */,
				AB0ACF252A8FAA020039233F /* LaunchScreen.storyboard */,
				AB0ACF282A8FAA020039233F /* Info.plist */,
			);
			path = Counter;
			sourceTree = "<group>";
		};
		AB0ACF302A8FAA020039233F /* CounterTests */ = {
			isa = PBXGroup;
			children = (
				AB0ACF312A8FAA020039233F /* CounterTests.swift */,
			);
			path = CounterTests;
			sourceTree = "<group>";
		};
		AB0ACF3A2A8FAA020039233F /* CounterUITests */ = {
			isa = PBXGroup;
			children = (
				AB0ACF3B2A8FAA020039233F /* CounterUITests.swift */,
				AB0ACF3D2A8FAA020039233F /* CounterUITestsLaunchTests.swift */,
			);
			path = CounterUITests;
			sourceTree = "<group>";
		};
/* End PBXGroup section */

/* Begin PBXNativeTarget section */
		AB0ACF162A8FAA010039233F /* Counter */ = {
			isa = PBXNativeTarget;
			buildConfigurationList = AB0ACF412A8FAA020039233F /* Build configuration list for PBXNativeTarget "Counter" */;
			buildPhases = (
				AB0ACF132A8FAA010039233F /* Sources */,
				AB0ACF142A8FAA010039233F /* Frameworks */,
				AB0ACF152A8FAA010039233F /* Resources */,
			);
			buildRules = (
			);
			dependencies = (
			);
			name = Counter;
			productName = Counter;
			productReference = AB0ACF172A8FAA010039233F /* Counter.app */;
			productType = "com.apple.product-type.application";
		};
		AB0ACF2C2A8FAA020039233F /* CounterTests */ = {
			isa = PBXNativeTarget;
			buildConfigurationList = AB0ACF442A8FAA020039233F /* Build configuration list for PBXNativeTarget "CounterTests" */;
			buildPhases = (
				AB0ACF292A8FAA020039233F /* Sources */,
				AB0ACF2A2A8FAA020039233F /* Frameworks */,
				AB0ACF2B2A8FAA020039233F /* Resources */,
			);
			buildRules = (
			);
			dependencies = (
				AB0ACF2F2A8FAA020039233F /* PBXTargetDependency */,
			);
			name = CounterTests;
			productName = CounterTests;
			productReference = AB0ACF2D2A8FAA020039233F /* CounterTests.xctest */;
			productType = "com.apple.product-type.bundle.unit-test";
		};
		AB0ACF362A8FAA020039233F /* CounterUITests */ = {
			isa = PBXNativeTarget;
			buildConfigurationList = AB0ACF472A8FAA020039233F /* Build configuration list for PBXNativeTarget "CounterUITests" */;
			buildPhases = (
				AB0ACF332A8FAA020039233F /* Sources */,
				AB0ACF342A8FAA020039233F /* Frameworks */,
				AB0ACF352A8FAA020039233F /* Resources */,
			);
			buildRules = (
			);
			dependencies = (
				AB0ACF392A8FAA020039233F /* PBXTargetDependency */,
			);
			name = CounterUITests;
			productName = CounterUITests;
			productReference = AB0ACF372A8FAA020039233F /* CounterUITests.xctest */;
			productType = "com.apple.product-type.bundle.ui-testing";
		};
/* End PBXNativeTarget section */

/* Begin PBXProject section */
		AB0ACF0F2A8FAA010039233F /* Project object */ = {
			isa = PBXProject;
			attributes = {
				BuildIndependentTargetsInParallel = 1;
				LastSwiftUpdateCheck = 1430;
				LastUpgradeCheck = 1430;
				TargetAttributes = {
					AB0ACF162A8FAA010039233F = {
						CreatedOnToolsVersion = 14.3.1;
					};
					AB0ACF2C2A8FAA020039233F = {
						CreatedOnToolsVersion = 14.3.1;
						TestTargetID = AB0ACF162A8FAA010039233F;
					};
					AB0ACF362A8FAA020039233F = {
						CreatedOnToolsVersion = 14.3.1;
						TestTargetID = AB0ACF162A8FAA010039233F;
					};
				};
			};
			buildConfigurationList = AB0ACF122A8FAA010039233F /* Build configuration list for PBXProject "Counter" */;
			compatibilityVersion = "Xcode 14.0";
			developmentRegion = en;
			hasScannedForEncodings = 0;
			knownRegions = (
				en,
				Base,
			);
			mainGroup = AB0ACF0E2A8FAA010039233F;
			productRefGroup = AB0ACF182A8FAA010039233F /* Products */;
			projectDirPath = "";
			projectRoot = "";
			targets = (
				AB0ACF162A8FAA010039233F /* Counter */,
				AB0ACF2C2A8FAA020039233F /* CounterTests */,
				AB0ACF362A8FAA020039233F /* CounterUITests */,
			);
		};
/* End PBXProject section */

/* Begin PBXResourcesBuildPhase section */
		AB0ACF152A8FAA010039233F /* Resources */ = {
			isa = PBXResourcesBuildPhase;
			buildActionMask = 2147483647;
			files = (
				AB0ACF272A8FAA020039233F /* LaunchScreen.storyboard in Resources */,
				AB0ACF242A8FAA020039233F /* Assets.xcassets in Resources */,
				AB0ACF222A8FAA010039233F /* Main.storyboard in Resources */,
			);
			runOnlyForDeploymentPostprocessing = 0;
		};
		AB0ACF2B2A8FAA020039233F /* Resources */ = {
			isa = PBXResourcesBuildPhase;
			buildActionMask = 2147483647;
			files = (
			);
			runOnlyForDeploymentPostprocessing = 0;
		};
		AB0ACF352A8FAA020039233F /* Resources */ = {
			isa = PBXResourcesBuildPhase;
			buildActionMask = 2147483647;
			files = (
			);
			runOnlyForDeploymentPostprocessing = 0;
		};
/* End PBXResourcesBuildPhase section */

/* Begin PBXSourcesBuildPhase section */
		AB0ACF132A8FAA010039233F /* Sources */ = {
			isa = PBXSourcesBuildPhase;
			buildActionMask = 2147483647;
			files = (
				AB0ACF1F2A8FAA010039233F /* ViewController.swift in Sources */,
				AB0ACF1B2A8FAA010039233F /* AppDelegate.swift in Sources */,
				AB0ACF1D2A8FAA010039233F /* SceneDelegate.swift in Sources */,
			);
			runOnlyForDeploymentPostprocessing = 0;
		};
		AB0ACF292A8FAA020039233F /* Sources */ = {
			isa = PBXSourcesBuildPhase;
			buildActionMask = 2147483647;
			files = (
				AB0ACF322A8FAA020039233F /* CounterTests.swift in Sources */,
			);
			runOnlyForDeploymentPostprocessing = 0;
		};
		AB0ACF332A8FAA020039233F /* Sources */ = {
			isa = PBXSourcesBuildPhase;
			buildActionMask = 2147483647;
			files = (
				AB0ACF3C2A8FAA020039233F /* CounterUITests.swift in Sources */,
				AB0ACF3E2A8FAA020039233F /* CounterUITestsLaunchTests.swift in Sources */,
			);
			runOnlyForDeploymentPostprocessing = 0;
		};
/* End PBXSourcesBuildPhase section */

/* Begin PBXTargetDependency section */
		AB0ACF2F2A8FAA020039233F /* PBXTargetDependency */ = {
			isa = PBXTargetDependency;
			target = AB0ACF162A8FAA010039233F /* Counter */;
			targetProxy = AB0ACF2E2A8FAA020039233F /* PBXContainerItemProxy */;
		};
		AB0ACF392A8FAA020039233F /* PBXTargetDependency */ = {
			isa = PBXTargetDependency;
			target = AB0ACF162A8FAA010039233F /* Counter */;
			targetProxy = AB0ACF382A8FAA020039233F /* PBXContainerItemProxy */;
		};
/* End PBXTargetDependency section */

/* Begin PBXVariantGroup section */
		AB0ACF202A8FAA010039233F /* Main.storyboard */ = {
			isa = PBXVariantGroup;
			children = (
				AB0ACF212A8FAA010039233F /* Base */,
			);
			name = Main.storyboard;
			sourceTree = "<group>";
		};
		AB0ACF252A8FAA020039233F /* LaunchScreen.storyboard */ = {
			isa = PBXVariantGroup;
			children = (
				AB0ACF262A8FAA020039233F /* Base */,
			);
			name = LaunchScreen.storyboard;
			sourceTree = "<group>";
		};
/* End PBXVariantGroup section */

/* Begin XCBuildConfiguration section */
		AB0ACF3F2A8FAA020039233F /* Debug */ = {
			isa = XCBuildConfiguration;
			buildSettings = {
				ALWAYS_SEARCH_USER_PATHS = NO;
				CLANG_ANALYZER_NONNULL = YES;
				CLANG_ANALYZER_NUMBER_OBJECT_CONVERSION = YES_AGGRESSIVE;
				CLANG_CXX_LANGUAGE_STANDARD = "gnu++20";
				CLANG_ENABLE_MODULES = YES;
				CLANG_ENABLE_OBJC_ARC = YES;
				CLANG_ENABLE_OBJC_WEAK = YES;
				CLANG_WARN_BLOCK_CAPTURE_AUTORELEASING = YES;
				CLANG_WARN_BOOL_CONVERSION = YES;
				CLANG_WARN_COMMA = YES;
				CLANG_WARN_CONSTANT_CONVERSION = YES;
				CLANG_WARN_DEPRECATED_OBJC_IMPLEMENTATIONS = YES;
				CLANG_WARN_DIRECT_OBJC_ISA_USAGE = YES_ERROR;
				CLANG_WARN_DOCUMENTATION_COMMENTS = YES;
				CLANG_WARN_EMPTY_BODY = YES;
				CLANG_WARN_ENUM_CONVERSION = YES;
				CLANG_WARN_INFINITE_RECURSION = YES;
				CLANG_WARN_INT_CONVERSION = YES;
				CLANG_WARN_NON_LITERAL_NULL_CONVERSION = YES;
				CLANG_WARN_OBJC_IMPLICIT_RETAIN_SELF = YES;
				CLANG_WARN_OBJC_LITERAL_CONVERSION = YES;
				CLANG_WARN_OBJC_ROOT_CLASS = YES_ERROR;
				CLANG_WARN_QUOTED_INCLUDE_IN_FRAMEWORK_HEADER = YES;
				CLANG_WARN_RANGE_LOOP_ANALYSIS = YES;
				CLANG_WARN_STRICT_PROTOTYPES = YES;
				CLANG_WARN_SUSPICIOUS_MOVE = YES;
				CLANG_WARN_UNGUARDED_AVAILABILITY = YES_AGGRESSIVE;
				CLANG_WARN_UNREACHABLE_CODE = YES;
				CLANG_WARN__DUPLICATE_METHOD_MATCH = YES;
				COPY_PHASE_STRIP = NO;
				DEBUG_INFORMATION_FORMAT = dwarf;
				ENABLE_STRICT_OBJC_MSGSEND = YES;
				ENABLE_TESTABILITY = YES;
				GCC_C_LANGUAGE_STANDARD = gnu11;
				GCC_DYNAMIC_NO_PIC = NO;
				GCC_NO_COMMON_BLOCKS = YES;
				GCC_OPTIMIZATION_LEVEL = 0;
				GCC_PREPROCESSOR_DEFINITIONS = (
					"DEBUG=1",
					"$(inherited)",
				);
				GCC_WARN_64_TO_32_BIT_CONVERSION = YES;
				GCC_WARN_ABOUT_RETURN_TYPE = YES_ERROR;
				GCC_WARN_UNDECLARED_SELECTOR = YES;
				GCC_WARN_UNINITIALIZED_AUTOS = YES_AGGRESSIVE;
				GCC_WARN_UNUSED_FUNCTION = YES;
				GCC_WARN_UNUSED_VARIABLE = YES;
				IPHONEOS_DEPLOYMENT_TARGET = 16.4;
				MTL_ENABLE_DEBUG_INFO = INCLUDE_SOURCE;
				MTL_FAST_MATH = YES;
				ONLY_ACTIVE_ARCH = YES;
				SDKROOT = iphoneos;
				SWIFT_ACTIVE_COMPILATION_CONDITIONS = DEBUG;
				SWIFT_OPTIMIZATION_LEVEL = "-Onone";
			};
			name = Debug;
		};
		AB0ACF402A8FAA020039233F /* Release */ = {
			isa = XCBuildConfiguration;
			buildSettings = {
				ALWAYS_SEARCH_USER_PATHS = NO;
				CLANG_ANALYZER_NONNULL = YES;
				CLANG_ANALYZER_NUMBER_OBJECT_CONVERSION = YES_AGGRESSIVE;
				CLANG_CXX_LANGUAGE_STANDARD = "gnu++20";
				CLANG_ENABLE_MODULES = YES;
				CLANG_ENABLE_OBJC_ARC = YES;
				CLANG_ENABLE_OBJC_WEAK = YES;
				CLANG_WARN_BLOCK_CAPTURE_AUTORELEASING = YES;
				CLANG_WARN_BOOL_CONVERSION = YES;
				CLANG_WARN_COMMA = YES;
				CLANG_WARN_CONSTANT_CONVERSION = YES;
				CLANG_WARN_DEPRECATED_OBJC_IMPLEMENTATIONS = YES;
				CLANG_WARN_DIRECT_OBJC_ISA_USAGE = YES_ERROR;
				CLANG_WARN_DOCUMENTATION_COMMENTS = YES;
				CLANG_WARN_EMPTY_BODY = YES;
				CLANG_WARN_ENUM_CONVERSION = YES;
				CLANG_WARN_INFINITE_RECURSION = YES;
				CLANG_WARN_INT_CONVERSION = YES;
				CLANG_WARN_NON_LITERAL_NULL_CONVERSION = YES;
				CLANG_WARN_OBJC_IMPLICIT_RETAIN_SELF = YES;
				CLANG_WARN_OBJC_LITERAL_CONVERSION = YES;
				CLANG_WARN_OBJC_ROOT_CLASS = YES_ERROR;
				CLANG_WARN_QUOTED_INCLUDE_IN_FRAMEWORK_HEADER = YES;
				CLANG_WARN_RANGE_LOOP_ANALYSIS = YES;
				CLANG_WARN_STRICT_PROTOTYPES = YES;
				CLANG_WARN_SUSPICIOUS_MOVE = YES;
				CLANG_WARN_UNGUARDED_AVAILABILITY = YES_AGGRESSIVE;
				CLANG_WARN_UNREACHABLE_CODE = YES;
				CLANG_WARN__DUPLICATE_METHOD_MATCH = YES;
				COPY_PHASE_STRIP = NO;
				DEBUG_INFORMATION_FORMAT = "dwarf-with-dsym";
				ENABLE_NS_ASSERTIONS = NO;
				ENABLE_STRICT_OBJC_MSGSEND = YES;
				GCC_C_LANGUAGE_STANDARD = gnu11;
				GCC_NO_COMMON_BLOCKS = YES;
				GCC_WARN_64_TO_32_BIT_CONVERSION = YES;
				GCC_WARN_ABOUT_RETURN_TYPE = YES_ERROR;
				GCC_WARN_UNDECLARED_SELECTOR = YES;
				GCC_WARN_UNINITIALIZED_AUTOS = YES_AGGRESSIVE;
				GCC_WARN_UNUSED_FUNCTION = YES;
				GCC_WARN_UNUSED_VARIABLE = YES;
				IPHONEOS_DEPLOYMENT_TARGET = 16.4;
				MTL_ENABLE_DEBUG_INFO = NO;
				MTL_FAST_MATH = YES;
				SDKROOT = iphoneos;
				SWIFT_COMPILATION_MODE = wholemodule;
				SWIFT_OPTIMIZATION_LEVEL = "-O";
				VALIDATE_PRODUCT = YES;
			};
			name = Release;
		};
		AB0ACF422A8FAA020039233F /* Debug */ = {
			isa = XCBuildConfiguration;
			buildSettings = {
				ASSETCATALOG_COMPILER_APPICON_NAME = AppIcon;
				ASSETCATALOG_COMPILER_GLOBAL_ACCENT_COLOR_NAME = AccentColor;
				CODE_SIGN_STYLE = Automatic;
				CURRENT_PROJECT_VERSION = 1;
				GENERATE_INFOPLIST_FILE = YES;
				INFOPLIST_FILE = Counter/Info.plist;
				INFOPLIST_KEY_UIApplicationSupportsIndirectInputEvents = YES;
				INFOPLIST_KEY_UILaunchStoryboardName = LaunchScreen;
				INFOPLIST_KEY_UIMainStoryboardFile = Main;
				INFOPLIST_KEY_UISupportedInterfaceOrientations_iPad = "UIInterfaceOrientationPortrait UIInterfaceOrientationPortraitUpsideDown UIInterfaceOrientationLandscapeLeft UIInterfaceOrientationLandscapeRight";
				INFOPLIST_KEY_UISupportedInterfaceOrientations_iPhone = "UIInterfaceOrientationPortrait UIInterfaceOrientationLandscapeLeft UIInterfaceOrientationLandscapeRight";
				LD_RUNPATH_SEARCH_PATHS = (
					"$(inherited)",
					"@executable_path/Frameworks",
				);
				MARKETING_VERSION = 1.0;
				PRODUCT_BUNDLE_IDENTIFIER = com.aleksandrovchinnikov.Counter;
				PRODUCT_NAME = "$(TARGET_NAME)";
				SWIFT_EMIT_LOC_STRINGS = YES;
				SWIFT_VERSION = 5.0;
				TARGETED_DEVICE_FAMILY = "1,2";
			};
			name = Debug;
		};
		AB0ACF432A8FAA020039233F /* Release */ = {
			isa = XCBuildConfiguration;
			buildSettings = {
				ASSETCATALOG_COMPILER_APPICON_NAME = AppIcon;
				ASSETCATALOG_COMPILER_GLOBAL_ACCENT_COLOR_NAME = AccentColor;
				CODE_SIGN_STYLE = Automatic;
				CURRENT_PROJECT_VERSION = 1;
				GENERATE_INFOPLIST_FILE = YES;
				INFOPLIST_FILE = Counter/Info.plist;
				INFOPLIST_KEY_UIApplicationSupportsIndirectInputEvents = YES;
				INFOPLIST_KEY_UILaunchStoryboardName = LaunchScreen;
				INFOPLIST_KEY_UIMainStoryboardFile = Main;
				INFOPLIST_KEY_UISupportedInterfaceOrientations_iPad = "UIInterfaceOrientationPortrait UIInterfaceOrientationPortraitUpsideDown UIInterfaceOrientationLandscapeLeft UIInterfaceOrientationLandscapeRight";
				INFOPLIST_KEY_UISupportedInterfaceOrientations_iPhone = "UIInterfaceOrientationPortrait UIInterfaceOrientationLandscapeLeft UIInterfaceOrientationLandscapeRight";
				LD_RUNPATH_SEARCH_PATHS = (
					"$(inherited)",
					"@executable_path/Frameworks",
				);
				MARKETING_VERSION = 1.0;
				PRODUCT_BUNDLE_IDENTIFIER = com.aleksandrovchinnikov.Counter;
				PRODUCT_NAME = "$(TARGET_NAME)";
				SWIFT_EMIT_LOC_STRINGS = YES;
				SWIFT_VERSION = 5.0;
				TARGETED_DEVICE_FAMILY = "1,2";
			};
			name = Release;
		};
		AB0ACF452A8FAA020039233F /* Debug */ = {
			isa = XCBuildConfiguration;
			buildSettings = {
				ALWAYS_EMBED_SWIFT_STANDARD_LIBRARIES = YES;
				BUNDLE_LOADER = "$(TEST_HOST)";
				CODE_SIGN_STYLE = Automatic;
				CURRENT_PROJECT_VERSION = 1;
				GENERATE_INFOPLIST_FILE = YES;
				IPHONEOS_DEPLOYMENT_TARGET = 16.4;
				MARKETING_VERSION = 1.0;
				PRODUCT_BUNDLE_IDENTIFIER = com.aleksandrovchinnikov.CounterTests;
				PRODUCT_NAME = "$(TARGET_NAME)";
				SWIFT_EMIT_LOC_STRINGS = NO;
				SWIFT_VERSION = 5.0;
				TARGETED_DEVICE_FAMILY = "1,2";
				TEST_HOST = "$(BUILT_PRODUCTS_DIR)/Counter.app/$(BUNDLE_EXECUTABLE_FOLDER_PATH)/Counter";
			};
			name = Debug;
		};
		AB0ACF462A8FAA020039233F /* Release */ = {
			isa = XCBuildConfiguration;
			buildSettings = {
				ALWAYS_EMBED_SWIFT_STANDARD_LIBRARIES = YES;
				BUNDLE_LOADER = "$(TEST_HOST)";
				CODE_SIGN_STYLE = Automatic;
				CURRENT_PROJECT_VERSION = 1;
				GENERATE_INFOPLIST_FILE = YES;
				IPHONEOS_DEPLOYMENT_TARGET = 16.4;
				MARKETING_VERSION = 1.0;
				PRODUCT_BUNDLE_IDENTIFIER = com.aleksandrovchinnikov.CounterTests;
				PRODUCT_NAME = "$(TARGET_NAME)";
				SWIFT_EMIT_LOC_STRINGS = NO;
				SWIFT_VERSION = 5.0;
				TARGETED_DEVICE_FAMILY = "1,2";
				TEST_HOST = "$(BUILT_PRODUCTS_DIR)/Counter.app/$(BUNDLE_EXECUTABLE_FOLDER_PATH)/Counter";
			};
			name = Release;
		};
		AB0ACF482A8FAA020039233F /* Debug */ = {
			isa = XCBuildConfiguration;
			buildSettings = {
				ALWAYS_EMBED_SWIFT_STANDARD_LIBRARIES = YES;
				CODE_SIGN_STYLE = Automatic;
				CURRENT_PROJECT_VERSION = 1;
				GENERATE_INFOPLIST_FILE = YES;
				MARKETING_VERSION = 1.0;
				PRODUCT_BUNDLE_IDENTIFIER = com.aleksandrovchinnikov.CounterUITests;
				PRODUCT_NAME = "$(TARGET_NAME)";
				SWIFT_EMIT_LOC_STRINGS = NO;
				SWIFT_VERSION = 5.0;
				TARGETED_DEVICE_FAMILY = "1,2";
				TEST_TARGET_NAME = Counter;
			};
			name = Debug;
		};
		AB0ACF492A8FAA020039233F /* Release */ = {
			isa = XCBuildConfiguration;
			buildSettings = {
				ALWAYS_EMBED_SWIFT_STANDARD_LIBRARIES = YES;
				CODE_SIGN_STYLE = Automatic;
				CURRENT_PROJECT_VERSION = 1;
				GENERATE_INFOPLIST_FILE = YES;
				MARKETING_VERSION = 1.0;
				PRODUCT_BUNDLE_IDENTIFIER = com.aleksandrovchinnikov.CounterUITests;
				PRODUCT_NAME = "$(TARGET_NAME)";
				SWIFT_EMIT_LOC_STRINGS = NO;
				SWIFT_VERSION = 5.0;
				TARGETED_DEVICE_FAMILY = "1,2";
				TEST_TARGET_NAME = Counter;
			};
			name = Release;
		};
/* End XCBuildConfiguration section */

/* Begin XCConfigurationList section */
		AB0ACF122A8FAA010039233F /* Build configuration list for PBXProject "Counter" */ = {
			isa = XCConfigurationList;
			buildConfigurations = (
				AB0ACF3F2A8FAA020039233F /* Debug */,
				AB0ACF402A8FAA020039233F /* Release */,
			);
			defaultConfigurationIsVisible = 0;
			defaultConfigurationName = Release;
		};
		AB0ACF412A8FAA020039233F /* Build configuration list for PBXNativeTarget "Counter" */ = {
			isa = XCConfigurationList;
			buildConfigurations = (
				AB0ACF422A8FAA020039233F /* Debug */,
				AB0ACF432A8FAA020039233F /* Release */,
			);
			defaultConfigurationIsVisible = 0;
			defaultConfigurationName = Release;
		};
		AB0ACF442A8FAA020039233F /* Build configuration list for PBXNativeTarget "CounterTests" */ = {
			isa = XCConfigurationList;
			buildConfigurations = (
				AB0ACF452A8FAA020039233F /* Debug */,
				AB0ACF462A8FAA020039233F /* Release */,
			);
			defaultConfigurationIsVisible = 0;
			defaultConfigurationName = Release;
		};
		AB0ACF472A8FAA020039233F /* Build configuration list for PBXNativeTarget "CounterUITests" */ = {
			isa = XCConfigurationList;
			buildConfigurations = (
				AB0ACF482A8FAA020039233F /* Debug */,
				AB0ACF492A8FAA020039233F /* Release */,
			);
			defaultConfigurationIsVisible = 0;
			defaultConfigurationName = Release;
		};
/* End XCConfigurationList section */
	};
	rootObject = AB0ACF0F2A8FAA010039233F /* Project object */;
}
